{
  "name": "system-design-agent-team",
  "version": "0.1.0",
  "lockfileVersion": 3,
  "requires": true,
  "packages": {
    "": {
      "name": "system-design-agent-team",
      "version": "0.1.0",
      "workspaces": [
        "packages/*"
      ],
      "devDependencies": {
        "@types/node": "^20.19.43",
        "typescript": "^5.8.0"
      },
      "engines": {
        "node": ">=20"
      }
    },
    "node_modules/@system-design-team/artifact-validator": {
      "resolved": "packages/artifact-validator",
      "link": true
    },
    "node_modules/@system-design-team/cli": {
      "resolved": "packages/cli",
      "link": true
    },
    "node_modules/@system-design-team/codex-adapter": {
      "resolved": "packages/codex-adapter",
      "link": true
    },
    "node_modules/@system-design-team/core": {
      "resolved": "packages/core",
      "link": true
    },
    "node_modules/@system-design-team/plugin-registry": {
      "resolved": "packages/plugin-registry",
      "link": true
    },
    "node_modules/@system-design-team/project-store": {
      "resolved": "packages/project-store",
      "link": true
    },
    "node_modules/@system-design-team/traceability": {
      "resolved": "packages/traceability",
      "link": true
    },
    "node_modules/@system-design-team/workflow-engine": {
      "resolved": "packages/workflow-engine",
      "link": true
    },
    "node_modules/@types/node": {
      "version": "20.19.43",
      "resolved": "https://registry.npmjs.org/@types/node/-/node-20.19.43.tgz",
      "integrity": "sha512-6oYBAi5ikg4Pl+kGsoYtawUMBT2zZMCvPNF7pVLnHZfd1zf38DRiWn/gT01RYCdUqkv7Fhr+C9ot4/tb+2sVvA==",
      "dev": true,
      "license": "MIT",
      "dependencies": {
        "undici-types": "~6.21.0"
      }
    },
    "node_modules/typescript": {
      "version": "5.9.3",
      "resolved": "https://registry.npmjs.org/typescript/-/typescript-5.9.3.tgz",
      "integrity": "sha512-jl1vZzPDinLr9eUt3J/t7V6FgNEw9QjvBPdysz9KfQDD41fQrC2Y4vKQdiaUpFT4bXlb1RHhLpp8wtm6M5TgSw==",
      "dev": true,
      "license": "Apache-2.0",
      "bin": {
        "tsc": "bin/tsc",
        "tsserver": "bin/tsserver"
      },
      "engines": {
        "node": ">=14.17"
      }
    },
    "node_modules/undici-types": {
      "version": "6.21.0",
      "resolved": "https://registry.npmjs.org/undici-types/-/undici-types-6.21.0.tgz",
      "integrity": "sha512-iwDZqg0QAGrg9Rav5H4n0M64c3mkR59cJ6wQp+7C4nI0gsmExaedaYLNO44eT4AtBBwjbTiGPMlt2Md0T9H9JQ==",
      "dev": true,
      "license": "MIT"
    },
    "node_modules/yaml": {
      "version": "2.9.0",
      "resolved": "https://registry.npmjs.org/yaml/-/yaml-2.9.0.tgz",
      "integrity": "sha512-2AvhNX3mb8zd6Zy7INTtSpl1F15HW6Wnqj0srWlkKLcpYl/gMIMJiyuGq2KeI2YFxUPjdlB+3Lc10seMLtL4cA==",
      "license": "ISC",
      "bin": {
        "yaml": "bin.mjs"
      },
      "engines": {
        "node": ">= 14.6"
      },
      "funding": {
        "url": "https://github.com/sponsors/eemeli"
      }
    },
    "node_modules/zod": {
      "version": "4.4.3",
      "resolved": "https://registry.npmjs.org/zod/-/zod-4.4.3.tgz",
      "integrity": "sha512-ytENFjIJFl2UwYglde2jchW2Hwm4GJFLDiSXWdTrJQBIN9Fcyp7n4DhxJEiWNAJMV1/BqWfW/kkg71UDcHJyTQ==",
      "license": "MIT",
      "funding": {
        "url": "https://github.com/sponsors/colinhacks"
      }
    },
    "packages/artifact-validator": {
      "name": "@system-design-team/artifact-validator",
      "version": "0.1.0",
      "dependencies": {
        "yaml": "^2.8.1"
      }
    },
    "packages/cli": {
      "name": "@system-design-team/cli",
      "version": "0.1.0",
      "dependencies": {
        "@system-design-team/artifact-validator": "0.1.0",
        "@system-design-team/core": "0.1.0",
        "@system-design-team/plugin-registry": "0.1.0",
        "@system-design-team/project-store": "0.1.0",
        "@system-design-team/workflow-engine": "0.1.0",
        "yaml": "^2.8.1"
      },
      "bin": {
        "system-design-team": "dist/bin.js"
      },
      "engines": {
        "node": ">=20"
      }
    },
    "packages/codex-adapter": {
      "name": "@system-design-team/codex-adapter",
      "version": "0.1.0",
      "dependencies": {
        "@system-design-team/core": "0.1.0",
        "@system-design-team/plugin-registry": "0.1.0"
      }
    },
    "packages/core": {
      "name": "@system-design-team/core",
      "version": "0.1.0",
      "dependencies": {
        "zod": "^4.4.3"
      }
    },
    "packages/plugin-registry": {
      "name": "@system-design-team/plugin-registry",
      "version": "0.1.0",
      "dependencies": {
        "@system-design-team/core": "0.1.0"
      }
    },
    "packages/project-store": {
      "name": "@system-design-team/project-store",
      "version": "0.1.0",
      "dependencies": {
        "@system-design-team/core": "0.1.0",
        "yaml": "^2.8.1"
      }
    },
    "packages/traceability": {
      "name": "@system-design-team/traceability",
      "version": "0.1.0"
    },
    "packages/workflow-engine": {
      "name": "@system-design-team/workflow-engine",
      "version": "0.1.0",
      "dependencies": {
        "@system-design-team/core": "0.1.0"
      }
    }
  }
}
